
Microsoft Visual Studio Solution File, Format Version 12.00
Project("{FAE04EC0-301F-11D3-BF4B-00C04F79EFBC}") = "SingleResponsabilityPrinciple", "SingleResponsabilityPrinciple\SingleResponsabilityPrinciple.csproj", "{D9A8279E-309B-444E-8B09-0A5B472ECBAB}"
EndProject
Project("{FAE04EC0-301F-11D3-BF4B-00C04F79EFBC}") = "OpenClosedPrinciple", "OpenClosedPrinciple\OpenClosedPrinciple.csproj", "{AA3BBF5F-CB72-4FDF-8EAF-A0C3802F012A}"
EndProject
Project("{FAE04EC0-301F-11D3-BF4B-00C04F79EFBC}") = "LiskovSubstitutionPrinciple", "LiskovSubstitutionPrinciple\LiskovSubstitutionPrinciple.csproj", "{5AAAE741-8DC8-4390-922E-1E4F9B364067}"
EndProject
Project("{FAE04EC0-301F-11D3-BF4B-00C04F79EFBC}") = "InterfaceSegregationPrinciple", "InterfaceSegregationPrinciple\InterfaceSegregationPrinciple.csproj", "{B15DE6EC-4F93-44CA-A30D-B664489BA666}"
EndProject
Project("{FAE04EC0-301F-11D3-BF4B-00C04F79EFBC}") = "DependencyInversionPrinciple", "DependencyInversionPrinciple\DependencyInversionPrinciple.csproj", "{DEDD978B-DE51-46B7-84FE-A5C011A8FC40}"
EndProject
Project("{FAE04EC0-301F-11D3-BF4B-00C04F79EFBC}") = "BuilderPattern", "BuilderPattern\BuilderPattern.csproj", "{C958AB1C-9F52-42E3-9EA3-A76D5D4EBF15}"
EndProject
Global
	GlobalSection(SolutionConfigurationPlatforms) = preSolution
		Debug|Any CPU = Debug|Any CPU
		Release|Any CPU = Release|Any CPU
	EndGlobalSection
	GlobalSection(ProjectConfigurationPlatforms) = postSolution
		{D9A8279E-309B-444E-8B09-0A5B472ECBAB}.Debug|Any CPU.ActiveCfg = Debug|Any CPU
		{D9A8279E-309B-444E-8B09-0A5B472ECBAB}.Debug|Any CPU.Build.0 = Debug|Any CPU
		{D9A8279E-309B-444E-8B09-0A5B472ECBAB}.Release|Any CPU.ActiveCfg = Release|Any CPU
		{D9A8279E-309B-444E-8B09-0A5B472ECBAB}.Release|Any CPU.Build.0 = Release|Any CPU
		{AA3BBF5F-CB72-4FDF-8EAF-A0C3802F012A}.Debug|Any CPU.ActiveCfg = Debug|Any CPU
		{AA3BBF5F-CB72-4FDF-8EAF-A0C3802F012A}.Debug|Any CPU.Build.0 = Debug|Any CPU
		{AA3BBF5F-CB72-4FDF-8EAF-A0C3802F012A}.Release|Any CPU.ActiveCfg = Release|Any CPU
		{AA3BBF5F-CB72-4FDF-8EAF-A0C3802F012A}.Release|Any CPU.Build.0 = Release|Any CPU
		{5AAAE741-8DC8-4390-922E-1E4F9B364067}.Debug|Any CPU.ActiveCfg = Debug|Any CPU
		{5AAAE741-8DC8-4390-922E-1E4F9B364067}.Debug|Any CPU.Build.0 = Debug|Any CPU
		{5AAAE741-8DC8-4390-922E-1E4F9B364067}.Release|Any CPU.ActiveCfg = Release|Any CPU
		{5AAAE741-8DC8-4390-922E-1E4F9B364067}.Release|Any CPU.Build.0 = Release|Any CPU
		{B15DE6EC-4F93-44CA-A30D-B664489BA666}.Debug|Any CPU.ActiveCfg = Debug|Any CPU
		{B15DE6EC-4F93-44CA-A30D-B664489BA666}.Debug|Any CPU.Build.0 = Debug|Any CPU
		{B15DE6EC-4F93-44CA-A30D-B664489BA666}.Release|Any CPU.ActiveCfg = Release|Any CPU
		{B15DE6EC-4F93-44CA-A30D-B664489BA666}.Release|Any CPU.Build.0 = Release|Any CPU
		{DEDD978B-DE51-46B7-84FE-A5C011A8FC40}.Debug|Any CPU.ActiveCfg = Debug|Any CPU
		{DEDD978B-DE51-46B7-84FE-A5C011A8FC40}.Debug|Any CPU.Build.0 = Debug|Any CPU
		{DEDD978B-DE51-46B7-84FE-A5C011A8FC40}.Release|Any CPU.ActiveCfg = Release|Any CPU
		{DEDD978B-DE51-46B7-84FE-A5C011A8FC40}.Release|Any CPU.Build.0 = Release|Any CPU
		{C958AB1C-9F52-42E3-9EA3-A76D5D4EBF15}.Debug|Any CPU.ActiveCfg = Debug|Any CPU
		{C958AB1C-9F52-42E3-9EA3-A76D5D4EBF15}.Debug|Any CPU.Build.0 = Debug|Any CPU
		{C958AB1C-9F52-42E3-9EA3-A76D5D4EBF15}.Release|Any CPU.ActiveCfg = Release|Any CPU
		{C958AB1C-9F52-42E3-9EA3-A76D5D4EBF15}.Release|Any CPU.Build.0 = Release|Any CPU
	EndGlobalSection
EndGlobal
