
Microsoft Visual Studio Solution File, Format Version 12.00
Project("{FAE04EC0-301F-11D3-BF4B-00C04F79EFBC}") = "SingleResponsabilityPrinciple", "SingleResponsabilityPrinciple\SingleResponsabilityPrinciple.csproj", "{D9A8279E-309B-444E-8B09-0A5B472ECBAB}"
EndProject
Project("{FAE04EC0-301F-11D3-BF4B-00C04F79EFBC}") = "OpenClosedPrinciple", "OpenClosedPrinciple\OpenClosedPrinciple.csproj", "{AA3BBF5F-CB72-4FDF-8EAF-A0C3802F012A}"
EndProject
Project("{FAE04EC0-301F-11D3-BF4B-00C04F79EFBC}") = "LiskovSubstitutionPrinciple", "LiskovSubstitutionPrinciple\LiskovSubstitutionPrinciple.csproj", "{5AAAE741-8DC8-4390-922E-1E4F9B364067}"
EndProject
Project("{FAE04EC0-301F-11D3-BF4B-00C04F79EFBC}") = "InterfaceSegregationPrinciple", "InterfaceSegregationPrinciple\InterfaceSegregationPrinciple.csproj", "{B15DE6EC-4F93-44CA-A30D-B664489BA666}"
EndProject
Project("{FAE04EC0-301F-11D3-BF4B-00C04F79EFBC}") = "DependencyInversionPrinciple", "DependencyInversionPrinciple\DependencyInversionPrinciple.csproj", "{DEDD978B-DE51-46B7-84FE-A5C011A8FC40}"
EndProject
Project("{FAE04EC0-301F-11D3-BF4B-00C04F79EFBC}") = "BuilderPattern", "BuilderPattern\BuilderPattern.csproj", "{C958AB1C-9F52-42E3-9EA3-A76D5D4EBF15}"
EndProject
Project("{FAE04EC0-301F-11D3-BF4B-00C04F79EFBC}") = "FactoryPattern", "FactoryPattern\FactoryPattern.csproj", "{E1B93E44-1DAD-48C2-9C98-39FF9F6FFD92}"
EndProject
Project("{FAE04EC0-301F-11D3-BF4B-00C04F79EFBC}") = "PrototypePattern", "PrototypePattern\PrototypePattern.csproj", "{AF5C58B2-BCA9-4B9E-8797-054DBCF13652}"
EndProject
Project("{FAE04EC0-301F-11D3-BF4B-00C04F79EFBC}") = "AdapterPattern", "AdapterPattern\AdapterPattern.csproj", "{98039E32-56B1-4C63-B039-1D0DB73436CD}"
EndProject
Project("{FAE04EC0-301F-11D3-BF4B-00C04F79EFBC}") = "SingletonPattern", "SingletonPattern\SingletonPattern.csproj", "{2C038C50-04D1-4742-9546-32A2BC54551D}"
EndProject
Project("{FAE04EC0-301F-11D3-BF4B-00C04F79EFBC}") = "BridgePattern", "BridgePattern\BridgePattern.csproj", "{FFDF4CDF-5E6B-4BA3-BA2D-2924F00EE96B}"
EndProject
Project("{FAE04EC0-301F-11D3-BF4B-00C04F79EFBC}") = "CompositePattern", "CompositePattern\CompositePattern.csproj", "{564A9EAF-35FF-4551-AE50-2DF96345D242}"
EndProject
Project("{FAE04EC0-301F-11D3-BF4B-00C04F79EFBC}") = "DecoratorPattern", "DecoratorPattern\DecoratorPattern.csproj", "{87CD6561-A6F4-427B-BCFB-3CA4A2611B2C}"
EndProject
Project("{FAE04EC0-301F-11D3-BF4B-00C04F79EFBC}") = "FacadePattern", "FacadePattern\FacadePattern.csproj", "{088F405E-BD08-4925-9A09-27207B58981B}"
EndProject
Project("{FAE04EC0-301F-11D3-BF4B-00C04F79EFBC}") = "FlyweightPattern", "FlyweightPattern\FlyweightPattern.csproj", "{D53E106C-0B3C-45A9-8CFD-478202E13D13}"
EndProject
Project("{FAE04EC0-301F-11D3-BF4B-00C04F79EFBC}") = "ProxyPattern", "ProxyPattern\ProxyPattern.csproj", "{FAB35FF8-0663-433D-BF2C-98AE40A499E1}"
EndProject
Project("{FAE04EC0-301F-11D3-BF4B-00C04F79EFBC}") = "ChainOfResponsabilityPattern", "ChainOfResponsabilityPattern\ChainOfResponsabilityPattern.csproj", "{0FFAFCAB-A781-48E3-A10E-D0071225857B}"
EndProject
Project("{FAE04EC0-301F-11D3-BF4B-00C04F79EFBC}") = "CommandPattern", "CommandPattern\CommandPattern.csproj", "{2545E40C-66A5-478C-B56D-657A447135D5}"
EndProject
Project("{FAE04EC0-301F-11D3-BF4B-00C04F79EFBC}") = "Interpreter", "Interpreter\Interpreter.csproj", "{D62C9AB5-D2F9-499D-BE34-F5EE0474C6DD}"
EndProject
Project("{FAE04EC0-301F-11D3-BF4B-00C04F79EFBC}") = "IteratorPattern", "IteratorPattern\IteratorPattern.csproj", "{1C6350C7-57A3-40AA-9FA8-7CD42A507754}"
EndProject
Project("{FAE04EC0-301F-11D3-BF4B-00C04F79EFBC}") = "MediatorPattern", "MediatorPattern\MediatorPattern.csproj", "{591CC6BD-3F57-444C-8CFC-C35EAE27FA35}"
EndProject
Project("{FAE04EC0-301F-11D3-BF4B-00C04F79EFBC}") = "MementoPattern", "MementoPattern\MementoPattern.csproj", "{0F5C6878-E129-4563-8D9C-3FBA84DB8305}"
EndProject
Project("{FAE04EC0-301F-11D3-BF4B-00C04F79EFBC}") = "NullObject", "NullObject\NullObject.csproj", "{40DCB91B-5440-4B96-98AC-C15DCA0C57BF}"
EndProject
Global
	GlobalSection(SolutionConfigurationPlatforms) = preSolution
		Debug|Any CPU = Debug|Any CPU
		Release|Any CPU = Release|Any CPU
	EndGlobalSection
	GlobalSection(ProjectConfigurationPlatforms) = postSolution
		{D9A8279E-309B-444E-8B09-0A5B472ECBAB}.Debug|Any CPU.ActiveCfg = Debug|Any CPU
		{D9A8279E-309B-444E-8B09-0A5B472ECBAB}.Debug|Any CPU.Build.0 = Debug|Any CPU
		{D9A8279E-309B-444E-8B09-0A5B472ECBAB}.Release|Any CPU.ActiveCfg = Release|Any CPU
		{D9A8279E-309B-444E-8B09-0A5B472ECBAB}.Release|Any CPU.Build.0 = Release|Any CPU
		{AA3BBF5F-CB72-4FDF-8EAF-A0C3802F012A}.Debug|Any CPU.ActiveCfg = Debug|Any CPU
		{AA3BBF5F-CB72-4FDF-8EAF-A0C3802F012A}.Debug|Any CPU.Build.0 = Debug|Any CPU
		{AA3BBF5F-CB72-4FDF-8EAF-A0C3802F012A}.Release|Any CPU.ActiveCfg = Release|Any CPU
		{AA3BBF5F-CB72-4FDF-8EAF-A0C3802F012A}.Release|Any CPU.Build.0 = Release|Any CPU
		{5AAAE741-8DC8-4390-922E-1E4F9B364067}.Debug|Any CPU.ActiveCfg = Debug|Any CPU
		{5AAAE741-8DC8-4390-922E-1E4F9B364067}.Debug|Any CPU.Build.0 = Debug|Any CPU
		{5AAAE741-8DC8-4390-922E-1E4F9B364067}.Release|Any CPU.ActiveCfg = Release|Any CPU
		{5AAAE741-8DC8-4390-922E-1E4F9B364067}.Release|Any CPU.Build.0 = Release|Any CPU
		{B15DE6EC-4F93-44CA-A30D-B664489BA666}.Debug|Any CPU.ActiveCfg = Debug|Any CPU
		{B15DE6EC-4F93-44CA-A30D-B664489BA666}.Debug|Any CPU.Build.0 = Debug|Any CPU
		{B15DE6EC-4F93-44CA-A30D-B664489BA666}.Release|Any CPU.ActiveCfg = Release|Any CPU
		{B15DE6EC-4F93-44CA-A30D-B664489BA666}.Release|Any CPU.Build.0 = Release|Any CPU
		{DEDD978B-DE51-46B7-84FE-A5C011A8FC40}.Debug|Any CPU.ActiveCfg = Debug|Any CPU
		{DEDD978B-DE51-46B7-84FE-A5C011A8FC40}.Debug|Any CPU.Build.0 = Debug|Any CPU
		{DEDD978B-DE51-46B7-84FE-A5C011A8FC40}.Release|Any CPU.ActiveCfg = Release|Any CPU
		{DEDD978B-DE51-46B7-84FE-A5C011A8FC40}.Release|Any CPU.Build.0 = Release|Any CPU
		{C958AB1C-9F52-42E3-9EA3-A76D5D4EBF15}.Debug|Any CPU.ActiveCfg = Debug|Any CPU
		{C958AB1C-9F52-42E3-9EA3-A76D5D4EBF15}.Debug|Any CPU.Build.0 = Debug|Any CPU
		{C958AB1C-9F52-42E3-9EA3-A76D5D4EBF15}.Release|Any CPU.ActiveCfg = Release|Any CPU
		{C958AB1C-9F52-42E3-9EA3-A76D5D4EBF15}.Release|Any CPU.Build.0 = Release|Any CPU
		{E1B93E44-1DAD-48C2-9C98-39FF9F6FFD92}.Debug|Any CPU.ActiveCfg = Debug|Any CPU
		{E1B93E44-1DAD-48C2-9C98-39FF9F6FFD92}.Debug|Any CPU.Build.0 = Debug|Any CPU
		{E1B93E44-1DAD-48C2-9C98-39FF9F6FFD92}.Release|Any CPU.ActiveCfg = Release|Any CPU
		{E1B93E44-1DAD-48C2-9C98-39FF9F6FFD92}.Release|Any CPU.Build.0 = Release|Any CPU
		{AF5C58B2-BCA9-4B9E-8797-054DBCF13652}.Debug|Any CPU.ActiveCfg = Debug|Any CPU
		{AF5C58B2-BCA9-4B9E-8797-054DBCF13652}.Debug|Any CPU.Build.0 = Debug|Any CPU
		{AF5C58B2-BCA9-4B9E-8797-054DBCF13652}.Release|Any CPU.ActiveCfg = Release|Any CPU
		{AF5C58B2-BCA9-4B9E-8797-054DBCF13652}.Release|Any CPU.Build.0 = Release|Any CPU
		{98039E32-56B1-4C63-B039-1D0DB73436CD}.Debug|Any CPU.ActiveCfg = Debug|Any CPU
		{98039E32-56B1-4C63-B039-1D0DB73436CD}.Debug|Any CPU.Build.0 = Debug|Any CPU
		{98039E32-56B1-4C63-B039-1D0DB73436CD}.Release|Any CPU.ActiveCfg = Release|Any CPU
		{98039E32-56B1-4C63-B039-1D0DB73436CD}.Release|Any CPU.Build.0 = Release|Any CPU
		{2C038C50-04D1-4742-9546-32A2BC54551D}.Debug|Any CPU.ActiveCfg = Debug|Any CPU
		{2C038C50-04D1-4742-9546-32A2BC54551D}.Debug|Any CPU.Build.0 = Debug|Any CPU
		{2C038C50-04D1-4742-9546-32A2BC54551D}.Release|Any CPU.ActiveCfg = Release|Any CPU
		{2C038C50-04D1-4742-9546-32A2BC54551D}.Release|Any CPU.Build.0 = Release|Any CPU
		{FFDF4CDF-5E6B-4BA3-BA2D-2924F00EE96B}.Debug|Any CPU.ActiveCfg = Debug|Any CPU
		{FFDF4CDF-5E6B-4BA3-BA2D-2924F00EE96B}.Debug|Any CPU.Build.0 = Debug|Any CPU
		{FFDF4CDF-5E6B-4BA3-BA2D-2924F00EE96B}.Release|Any CPU.ActiveCfg = Release|Any CPU
		{FFDF4CDF-5E6B-4BA3-BA2D-2924F00EE96B}.Release|Any CPU.Build.0 = Release|Any CPU
		{564A9EAF-35FF-4551-AE50-2DF96345D242}.Debug|Any CPU.ActiveCfg = Debug|Any CPU
		{564A9EAF-35FF-4551-AE50-2DF96345D242}.Debug|Any CPU.Build.0 = Debug|Any CPU
		{564A9EAF-35FF-4551-AE50-2DF96345D242}.Release|Any CPU.ActiveCfg = Release|Any CPU
		{564A9EAF-35FF-4551-AE50-2DF96345D242}.Release|Any CPU.Build.0 = Release|Any CPU
		{87CD6561-A6F4-427B-BCFB-3CA4A2611B2C}.Debug|Any CPU.ActiveCfg = Debug|Any CPU
		{87CD6561-A6F4-427B-BCFB-3CA4A2611B2C}.Debug|Any CPU.Build.0 = Debug|Any CPU
		{87CD6561-A6F4-427B-BCFB-3CA4A2611B2C}.Release|Any CPU.ActiveCfg = Release|Any CPU
		{87CD6561-A6F4-427B-BCFB-3CA4A2611B2C}.Release|Any CPU.Build.0 = Release|Any CPU
		{088F405E-BD08-4925-9A09-27207B58981B}.Debug|Any CPU.ActiveCfg = Debug|Any CPU
		{088F405E-BD08-4925-9A09-27207B58981B}.Debug|Any CPU.Build.0 = Debug|Any CPU
		{088F405E-BD08-4925-9A09-27207B58981B}.Release|Any CPU.ActiveCfg = Release|Any CPU
		{088F405E-BD08-4925-9A09-27207B58981B}.Release|Any CPU.Build.0 = Release|Any CPU
		{D53E106C-0B3C-45A9-8CFD-478202E13D13}.Debug|Any CPU.ActiveCfg = Debug|Any CPU
		{D53E106C-0B3C-45A9-8CFD-478202E13D13}.Debug|Any CPU.Build.0 = Debug|Any CPU
		{D53E106C-0B3C-45A9-8CFD-478202E13D13}.Release|Any CPU.ActiveCfg = Release|Any CPU
		{D53E106C-0B3C-45A9-8CFD-478202E13D13}.Release|Any CPU.Build.0 = Release|Any CPU
		{FAB35FF8-0663-433D-BF2C-98AE40A499E1}.Debug|Any CPU.ActiveCfg = Debug|Any CPU
		{FAB35FF8-0663-433D-BF2C-98AE40A499E1}.Debug|Any CPU.Build.0 = Debug|Any CPU
		{FAB35FF8-0663-433D-BF2C-98AE40A499E1}.Release|Any CPU.ActiveCfg = Release|Any CPU
		{FAB35FF8-0663-433D-BF2C-98AE40A499E1}.Release|Any CPU.Build.0 = Release|Any CPU
		{0FFAFCAB-A781-48E3-A10E-D0071225857B}.Debug|Any CPU.ActiveCfg = Debug|Any CPU
		{0FFAFCAB-A781-48E3-A10E-D0071225857B}.Debug|Any CPU.Build.0 = Debug|Any CPU
		{0FFAFCAB-A781-48E3-A10E-D0071225857B}.Release|Any CPU.ActiveCfg = Release|Any CPU
		{0FFAFCAB-A781-48E3-A10E-D0071225857B}.Release|Any CPU.Build.0 = Release|Any CPU
		{2545E40C-66A5-478C-B56D-657A447135D5}.Debug|Any CPU.ActiveCfg = Debug|Any CPU
		{2545E40C-66A5-478C-B56D-657A447135D5}.Debug|Any CPU.Build.0 = Debug|Any CPU
		{2545E40C-66A5-478C-B56D-657A447135D5}.Release|Any CPU.ActiveCfg = Release|Any CPU
		{2545E40C-66A5-478C-B56D-657A447135D5}.Release|Any CPU.Build.0 = Release|Any CPU
		{D62C9AB5-D2F9-499D-BE34-F5EE0474C6DD}.Debug|Any CPU.ActiveCfg = Debug|Any CPU
		{D62C9AB5-D2F9-499D-BE34-F5EE0474C6DD}.Debug|Any CPU.Build.0 = Debug|Any CPU
		{D62C9AB5-D2F9-499D-BE34-F5EE0474C6DD}.Release|Any CPU.ActiveCfg = Release|Any CPU
		{D62C9AB5-D2F9-499D-BE34-F5EE0474C6DD}.Release|Any CPU.Build.0 = Release|Any CPU
		{1C6350C7-57A3-40AA-9FA8-7CD42A507754}.Debug|Any CPU.ActiveCfg = Debug|Any CPU
		{1C6350C7-57A3-40AA-9FA8-7CD42A507754}.Debug|Any CPU.Build.0 = Debug|Any CPU
		{1C6350C7-57A3-40AA-9FA8-7CD42A507754}.Release|Any CPU.ActiveCfg = Release|Any CPU
		{1C6350C7-57A3-40AA-9FA8-7CD42A507754}.Release|Any CPU.Build.0 = Release|Any CPU
		{591CC6BD-3F57-444C-8CFC-C35EAE27FA35}.Debug|Any CPU.ActiveCfg = Debug|Any CPU
		{591CC6BD-3F57-444C-8CFC-C35EAE27FA35}.Debug|Any CPU.Build.0 = Debug|Any CPU
		{591CC6BD-3F57-444C-8CFC-C35EAE27FA35}.Release|Any CPU.ActiveCfg = Release|Any CPU
		{591CC6BD-3F57-444C-8CFC-C35EAE27FA35}.Release|Any CPU.Build.0 = Release|Any CPU
		{0F5C6878-E129-4563-8D9C-3FBA84DB8305}.Debug|Any CPU.ActiveCfg = Debug|Any CPU
		{0F5C6878-E129-4563-8D9C-3FBA84DB8305}.Debug|Any CPU.Build.0 = Debug|Any CPU
		{0F5C6878-E129-4563-8D9C-3FBA84DB8305}.Release|Any CPU.ActiveCfg = Release|Any CPU
		{0F5C6878-E129-4563-8D9C-3FBA84DB8305}.Release|Any CPU.Build.0 = Release|Any CPU
		{40DCB91B-5440-4B96-98AC-C15DCA0C57BF}.Debug|Any CPU.ActiveCfg = Debug|Any CPU
		{40DCB91B-5440-4B96-98AC-C15DCA0C57BF}.Debug|Any CPU.Build.0 = Debug|Any CPU
		{40DCB91B-5440-4B96-98AC-C15DCA0C57BF}.Release|Any CPU.ActiveCfg = Release|Any CPU
		{40DCB91B-5440-4B96-98AC-C15DCA0C57BF}.Release|Any CPU.Build.0 = Release|Any CPU
	EndGlobalSection
EndGlobal
